
Microsoft Visual Studio Solution File, Format Version 12.00
# Visual Studio 2017
Project("{FAE04EC0-301F-11D3-BF4B-00C04F79EFBC}") = "LunaProject_MIC2017", "LunaProject_MIC2017.csproj", "{1685CA6D-87B4-8F9E-C7B2-03F9CEC57A81}"
EndProject
Global
	GlobalSection(SolutionConfigurationPlatforms) = preSolution
		Debug|Any CPU = Debug|Any CPU
		Release|Any CPU = Release|Any CPU
	EndGlobalSection
	GlobalSection(ProjectConfigurationPlatforms) = postSolution
		{1685CA6D-87B4-8F9E-C7B2-03F9CEC57A81}.Debug|Any CPU.ActiveCfg = Debug|Any CPU
		{1685CA6D-87B4-8F9E-C7B2-03F9CEC57A81}.Debug|Any CPU.Build.0 = Debug|Any CPU
		{1685CA6D-87B4-8F9E-C7B2-03F9CEC57A81}.Release|Any CPU.ActiveCfg = Release|Any CPU
		{1685CA6D-87B4-8F9E-C7B2-03F9CEC57A81}.Release|Any CPU.Build.0 = Release|Any CPU
	EndGlobalSection
	GlobalSection(SolutionProperties) = preSolution
		HideSolutionNode = FALSE
	EndGlobalSection
EndGlobal
